
Microsoft Visual Studio Solution File, Format Version 12.00
# Visual Studio 15
VisualStudioVersion = 15.0.26730.10
MinimumVisualStudioVersion = 10.0.40219.1
Project("{FAE04EC0-301F-11D3-BF4B-00C04F79EFBC}") = "CodedenimWebApp", "CodedenimWebApp\CodedenimWebApp.csproj", "{3E4F07F1-D81E-475C-9D5E-FE117022B304}"
EndProject
Project("{FAE04EC0-301F-11D3-BF4B-00C04F79EFBC}") = "CodeninModel", "CodeninModel\CodeninModel.csproj", "{C751165F-D7D4-4278-9F2A-E4C42448FDE0}"
EndProject
Global
	GlobalSection(Performance) = preSolution
		HasPerformanceSessions = true
	EndGlobalSection
	GlobalSection(SolutionConfigurationPlatforms) = preSolution
		Debug|Any CPU = Debug|Any CPU
		Release|Any CPU = Release|Any CPU
	EndGlobalSection
	GlobalSection(ProjectConfigurationPlatforms) = postSolution
		{3E4F07F1-D81E-475C-9D5E-FE117022B304}.Debug|Any CPU.ActiveCfg = Debug|Any CPU
		{3E4F07F1-D81E-475C-9D5E-FE117022B304}.Debug|Any CPU.Build.0 = Debug|Any CPU
		{3E4F07F1-D81E-475C-9D5E-FE117022B304}.Release|Any CPU.ActiveCfg = Release|Any CPU
		{3E4F07F1-D81E-475C-9D5E-FE117022B304}.Release|Any CPU.Build.0 = Release|Any CPU
		{C751165F-D7D4-4278-9F2A-E4C42448FDE0}.Debug|Any CPU.ActiveCfg = Debug|Any CPU
		{C751165F-D7D4-4278-9F2A-E4C42448FDE0}.Debug|Any CPU.Build.0 = Debug|Any CPU
		{C751165F-D7D4-4278-9F2A-E4C42448FDE0}.Release|Any CPU.ActiveCfg = Release|Any CPU
		{C751165F-D7D4-4278-9F2A-E4C42448FDE0}.Release|Any CPU.Build.0 = Release|Any CPU
	EndGlobalSection
	GlobalSection(SolutionProperties) = preSolution
		HideSolutionNode = FALSE
	EndGlobalSection
	GlobalSection(ExtensibilityGlobals) = postSolution
		SolutionGuid = {F09CDC63-8526-4C7B-818C-5C106DFA6781}
	EndGlobalSection
	GlobalSection(Performance) = preSolution
		HasPerformanceSessions = true
	EndGlobalSection
EndGlobal
